
Microsoft Visual Studio Solution File, Format Version 12.00
# Visual Studio Version 16
VisualStudioVersion = 16.0.31005.135
MinimumVisualStudioVersion = 10.0.40219.1
Project("{FAE04EC0-301F-11D3-BF4B-00C04F79EFBC}") = "GameUploader", "GameUploader.csproj", "{F574CF31-11B8-4212-A8B8-3F14F517CB8E}"
EndProject
Global
	GlobalSection(SolutionConfigurationPlatforms) = preSolution
		Debug|Any CPU = Debug|Any CPU
		Release|Any CPU = Release|Any CPU
	EndGlobalSection
	GlobalSection(ProjectConfigurationPlatforms) = postSolution
		{F574CF31-11B8-4212-A8B8-3F14F517CB8E}.Debug|Any CPU.ActiveCfg = Debug|Any CPU
		{F574CF31-11B8-4212-A8B8-3F14F517CB8E}.Debug|Any CPU.Build.0 = Debug|Any CPU
		{F574CF31-11B8-4212-A8B8-3F14F517CB8E}.Release|Any CPU.ActiveCfg = Release|Any CPU
		{F574CF31-11B8-4212-A8B8-3F14F517CB8E}.Release|Any CPU.Build.0 = Release|Any CPU
	EndGlobalSection
	GlobalSection(SolutionProperties) = preSolution
		HideSolutionNode = FALSE
	EndGlobalSection
	GlobalSection(ExtensibilityGlobals) = postSolution
		SolutionGuid = {06F5FF51-37DD-4825-B4C2-8F3379BED5B6}
	EndGlobalSection
EndGlobal
